
Microsoft Visual Studio Solution File, Format Version 12.00
# Visual Studio Version 16
VisualStudioVersion = 16.0.29926.136
MinimumVisualStudioVersion = 10.0.40219.1
Project("{FAE04EC0-301F-11D3-BF4B-00C04F79EFBC}") = "RunScriptOvh", "RunScriptOvh\RunScriptOvh.csproj", "{F867A33E-E1E4-4F0F-B675-4AC899823871}"
EndProject
Project("{FAE04EC0-301F-11D3-BF4B-00C04F79EFBC}") = "WindowsServiceHost", "WindowsServiceHost\WindowsServiceHost.csproj", "{0459AF0E-9340-426A-AFF2-66121493C263}"
EndProject
Global
	GlobalSection(SolutionConfigurationPlatforms) = preSolution
		Debug|Any CPU = Debug|Any CPU
		Release|Any CPU = Release|Any CPU
	EndGlobalSection
	GlobalSection(ProjectConfigurationPlatforms) = postSolution
		{F867A33E-E1E4-4F0F-B675-4AC899823871}.Debug|Any CPU.ActiveCfg = Debug|Any CPU
		{F867A33E-E1E4-4F0F-B675-4AC899823871}.Debug|Any CPU.Build.0 = Debug|Any CPU
		{F867A33E-E1E4-4F0F-B675-4AC899823871}.Release|Any CPU.ActiveCfg = Release|Any CPU
		{F867A33E-E1E4-4F0F-B675-4AC899823871}.Release|Any CPU.Build.0 = Release|Any CPU
		{0459AF0E-9340-426A-AFF2-66121493C263}.Debug|Any CPU.ActiveCfg = Debug|Any CPU
		{0459AF0E-9340-426A-AFF2-66121493C263}.Debug|Any CPU.Build.0 = Debug|Any CPU
		{0459AF0E-9340-426A-AFF2-66121493C263}.Release|Any CPU.ActiveCfg = Release|Any CPU
		{0459AF0E-9340-426A-AFF2-66121493C263}.Release|Any CPU.Build.0 = Release|Any CPU
	EndGlobalSection
	GlobalSection(SolutionProperties) = preSolution
		HideSolutionNode = FALSE
	EndGlobalSection
	GlobalSection(ExtensibilityGlobals) = postSolution
		SolutionGuid = {44A67129-D81C-4652-A698-6B865BD716AB}
	EndGlobalSection
EndGlobal
